
Microsoft Visual Studio Solution File, Format Version 12.00
# Visual Studio Version 16
VisualStudioVersion = 16.0.30320.27
MinimumVisualStudioVersion = 10.0.40219.1
Project("{FAE04EC0-301F-11D3-BF4B-00C04F79EFBC}") = "HangmanGame", "JogoDaForca\HangmanGame.csproj", "{79C85203-117A-4FAB-9B29-38211173B121}"
EndProject
Global
	GlobalSection(SolutionConfigurationPlatforms) = preSolution
		Debug|Any CPU = Debug|Any CPU
		Release|Any CPU = Release|Any CPU
	EndGlobalSection
	GlobalSection(ProjectConfigurationPlatforms) = postSolution
		{79C85203-117A-4FAB-9B29-38211173B121}.Debug|Any CPU.ActiveCfg = Debug|Any CPU
		{79C85203-117A-4FAB-9B29-38211173B121}.Debug|Any CPU.Build.0 = Debug|Any CPU
		{79C85203-117A-4FAB-9B29-38211173B121}.Release|Any CPU.ActiveCfg = Release|Any CPU
		{79C85203-117A-4FAB-9B29-38211173B121}.Release|Any CPU.Build.0 = Release|Any CPU
	EndGlobalSection
	GlobalSection(SolutionProperties) = preSolution
		HideSolutionNode = FALSE
	EndGlobalSection
	GlobalSection(ExtensibilityGlobals) = postSolution
		SolutionGuid = {77FEDA42-A48D-4A39-BF93-AD26ED2E7196}
	EndGlobalSection
EndGlobal
